{
  "name": "web",
  "version": "1.0.0",
  "lockfileVersion": 3,
  "requires": true,
  "packages": {
    "": {
      "name": "web",
      "version": "1.0.0",
      "license": "ISC",
      "dependencies": {
        "@hono/node-server": "^1.13.1",
        "eta": "^3.5.0",
        "hono": "^4.6.3",
        "marked": "^14.1.2"
      }
    },
    "node_modules/@hono/node-server": {
      "version": "1.13.1",
      "resolved": "https://registry.npmjs.org/@hono/node-server/-/node-server-1.13.1.tgz",
      "integrity": "sha512-TSxE6cT5RHnawbjnveexVN7H2Dpn1YaLxQrCOLCUwD+hFbqbFsnJBgdWcYtASqtWVjA+Qgi8uqFug39GsHjo5A==",
      "license": "MIT",
      "engines": {
        "node": ">=18.14.1"
      },
      "peerDependencies": {
        "hono": "^4"
      }
    },
    "node_modules/eta": {
      "version": "3.5.0",
      "resolved": "https://registry.npmjs.org/eta/-/eta-3.5.0.tgz",
      "integrity": "sha512-e3x3FBvGzeCIHhF+zhK8FZA2vC5uFn6b4HJjegUbIWrDb4mJ7JjTGMJY9VGIbRVpmSwHopNiaJibhjIr+HfLug==",
      "license": "MIT",
      "engines": {
        "node": ">=6.0.0"
      },
      "funding": {
        "url": "https://github.com/eta-dev/eta?sponsor=1"
      }
    },
    "node_modules/hono": {
      "version": "4.6.3",
      "resolved": "https://registry.npmjs.org/hono/-/hono-4.6.3.tgz",
      "integrity": "sha512-0LeEuBNFeSHGqZ9sNVVgZjB1V5fmhkBSB0hZrpqStSMLOWgfLy0dHOvrjbJh0H2khsjet6rbHfWTHY0kpYThKQ==",
      "license": "MIT",
      "engines": {
        "node": ">=16.9.0"
      }
    },
    "node_modules/marked": {
      "version": "14.1.2",
      "resolved": "https://registry.npmjs.org/marked/-/marked-14.1.2.tgz",
      "integrity": "sha512-f3r0yqpz31VXiDB/wj9GaOB0a2PRLQl6vJmXiFrniNwjkKdvakqJRULhjFKJpxOchlCRiG5fcacoUZY5Xa6PEQ==",
      "license": "MIT",
      "bin": {
        "marked": "bin/marked.js"
      },
      "engines": {
        "node": ">= 18"
      }
    }
  }
}
